
Microsoft Visual Studio Solution File, Format Version 12.00
# Visual Studio Version 16
VisualStudioVersion = 16.0.29920.165
MinimumVisualStudioVersion = 10.0.40219.1
Project("{FAE04EC0-301F-11D3-BF4B-00C04F79EFBC}") = "ChangeHealthIntegrationServices", "ChangeHealthIntegrationServices\ChangeHealthIntegrationServices.csproj", "{40DAC434-122D-4DDC-B7F4-D3B93FC9F0A8}"
EndProject
Global
	GlobalSection(SolutionConfigurationPlatforms) = preSolution
		Debug|Any CPU = Debug|Any CPU
		Release|Any CPU = Release|Any CPU
	EndGlobalSection
	GlobalSection(ProjectConfigurationPlatforms) = postSolution
		{40DAC434-122D-4DDC-B7F4-D3B93FC9F0A8}.Debug|Any CPU.ActiveCfg = Debug|Any CPU
		{40DAC434-122D-4DDC-B7F4-D3B93FC9F0A8}.Debug|Any CPU.Build.0 = Debug|Any CPU
		{40DAC434-122D-4DDC-B7F4-D3B93FC9F0A8}.Release|Any CPU.ActiveCfg = Release|Any CPU
		{40DAC434-122D-4DDC-B7F4-D3B93FC9F0A8}.Release|Any CPU.Build.0 = Release|Any CPU
	EndGlobalSection
	GlobalSection(SolutionProperties) = preSolution
		HideSolutionNode = FALSE
	EndGlobalSection
	GlobalSection(ExtensibilityGlobals) = postSolution
		SolutionGuid = {7DE55473-23EA-4267-89D7-AD117138ED16}
	EndGlobalSection
EndGlobal
